
Microsoft Visual Studio Solution File, Format Version 12.00
# Visual Studio Version 17
VisualStudioVersion = 17.9.34616.47
MinimumVisualStudioVersion = 10.0.40219.1
Project("{FAE04EC0-301F-11D3-BF4B-00C04F79EFBC}") = "Assignment 2 OOP", "Assignment 2 OOP\Assignment 2 OOP.csproj", "{DADAF9CE-E336-4B15-84B3-EDA9FABEE491}"
EndProject
Global
	GlobalSection(SolutionConfigurationPlatforms) = preSolution
		Debug|Any CPU = Debug|Any CPU
		Release|Any CPU = Release|Any CPU
	EndGlobalSection
	GlobalSection(ProjectConfigurationPlatforms) = postSolution
		{DADAF9CE-E336-4B15-84B3-EDA9FABEE491}.Debug|Any CPU.ActiveCfg = Debug|Any CPU
		{DADAF9CE-E336-4B15-84B3-EDA9FABEE491}.Debug|Any CPU.Build.0 = Debug|Any CPU
		{DADAF9CE-E336-4B15-84B3-EDA9FABEE491}.Release|Any CPU.ActiveCfg = Release|Any CPU
		{DADAF9CE-E336-4B15-84B3-EDA9FABEE491}.Release|Any CPU.Build.0 = Release|Any CPU
	EndGlobalSection
	GlobalSection(SolutionProperties) = preSolution
		HideSolutionNode = FALSE
	EndGlobalSection
	GlobalSection(ExtensibilityGlobals) = postSolution
		SolutionGuid = {72FB97A5-F175-4104-99A2-9FD2A0355EDD}
	EndGlobalSection
EndGlobal
